
Microsoft Visual Studio Solution File, Format Version 12.00
Project("{FAE04EC0-301F-11D3-BF4B-00C04F79EFBC}") = "test", "test\test.csproj", "{332B6B8C-8E34-462C-AFC7-F19DE6F04374}"
EndProject
Project("{FAE04EC0-301F-11D3-BF4B-00C04F79EFBC}") = "ClearProgram", "ClearProgram\ClearProgram.csproj", "{9E5AD3C7-FD62-4926-839A-F1CDA3EB82B3}"
EndProject
Project("{FAE04EC0-301F-11D3-BF4B-00C04F79EFBC}") = "Singleton", "Singleton\Singleton.csproj", "{30827FC6-7B75-4F40-9305-500F17372CBE}"
EndProject
Global
	GlobalSection(SolutionConfigurationPlatforms) = preSolution
		Debug|Any CPU = Debug|Any CPU
		Release|Any CPU = Release|Any CPU
	EndGlobalSection
	GlobalSection(ProjectConfigurationPlatforms) = postSolution
		{332B6B8C-8E34-462C-AFC7-F19DE6F04374}.Debug|Any CPU.ActiveCfg = Debug|Any CPU
		{332B6B8C-8E34-462C-AFC7-F19DE6F04374}.Debug|Any CPU.Build.0 = Debug|Any CPU
		{332B6B8C-8E34-462C-AFC7-F19DE6F04374}.Release|Any CPU.ActiveCfg = Release|Any CPU
		{332B6B8C-8E34-462C-AFC7-F19DE6F04374}.Release|Any CPU.Build.0 = Release|Any CPU
		{9E5AD3C7-FD62-4926-839A-F1CDA3EB82B3}.Debug|Any CPU.ActiveCfg = Debug|Any CPU
		{9E5AD3C7-FD62-4926-839A-F1CDA3EB82B3}.Debug|Any CPU.Build.0 = Debug|Any CPU
		{9E5AD3C7-FD62-4926-839A-F1CDA3EB82B3}.Release|Any CPU.ActiveCfg = Release|Any CPU
		{9E5AD3C7-FD62-4926-839A-F1CDA3EB82B3}.Release|Any CPU.Build.0 = Release|Any CPU
		{30827FC6-7B75-4F40-9305-500F17372CBE}.Debug|Any CPU.ActiveCfg = Debug|Any CPU
		{30827FC6-7B75-4F40-9305-500F17372CBE}.Debug|Any CPU.Build.0 = Debug|Any CPU
		{30827FC6-7B75-4F40-9305-500F17372CBE}.Release|Any CPU.ActiveCfg = Release|Any CPU
		{30827FC6-7B75-4F40-9305-500F17372CBE}.Release|Any CPU.Build.0 = Release|Any CPU
	EndGlobalSection
EndGlobal
